
Microsoft Visual Studio Solution File, Format Version 12.00
# Visual Studio Version 17
VisualStudioVersion = 17.0.31903.59
MinimumVisualStudioVersion = 10.0.40219.1
Project("{FAE04EC0-301F-11D3-BF4B-00C04F79EFBC}") = "1Variables", "1Variables\1Variables.csproj", "{46E7DC04-BB84-435A-99A5-5CDD2676C349}"
EndProject
Project("{FAE04EC0-301F-11D3-BF4B-00C04F79EFBC}") = "2Condicionales", "2Condicionales\2Condicionales.csproj", "{354545EA-29D1-46E2-AD7C-4AD2C41E6002}"
EndProject
Project("{FAE04EC0-301F-11D3-BF4B-00C04F79EFBC}") = "3Bucles", "3Bucles\3Bucles.csproj", "{65A39E95-7C33-4CF6-98FA-73CFCC01DAC3}"
EndProject
Project("{FAE04EC0-301F-11D3-BF4B-00C04F79EFBC}") = "4Estructuras", "4Estructuras\4Estructuras.csproj", "{F95126B5-F41C-4382-AC5D-7609FE5F4497}"
EndProject
Project("{FAE04EC0-301F-11D3-BF4B-00C04F79EFBC}") = "5Metodos", "5Metodos\5Metodos.csproj", "{39F6BB79-FC2F-458E-B339-5C54B045FB1E}"
EndProject
Global
	GlobalSection(SolutionConfigurationPlatforms) = preSolution
		Debug|Any CPU = Debug|Any CPU
		Debug|x64 = Debug|x64
		Debug|x86 = Debug|x86
		Release|Any CPU = Release|Any CPU
		Release|x64 = Release|x64
		Release|x86 = Release|x86
	EndGlobalSection
	GlobalSection(ProjectConfigurationPlatforms) = postSolution
		{46E7DC04-BB84-435A-99A5-5CDD2676C349}.Debug|Any CPU.ActiveCfg = Debug|Any CPU
		{46E7DC04-BB84-435A-99A5-5CDD2676C349}.Debug|Any CPU.Build.0 = Debug|Any CPU
		{46E7DC04-BB84-435A-99A5-5CDD2676C349}.Debug|x64.ActiveCfg = Debug|Any CPU
		{46E7DC04-BB84-435A-99A5-5CDD2676C349}.Debug|x64.Build.0 = Debug|Any CPU
		{46E7DC04-BB84-435A-99A5-5CDD2676C349}.Debug|x86.ActiveCfg = Debug|Any CPU
		{46E7DC04-BB84-435A-99A5-5CDD2676C349}.Debug|x86.Build.0 = Debug|Any CPU
		{46E7DC04-BB84-435A-99A5-5CDD2676C349}.Release|Any CPU.ActiveCfg = Release|Any CPU
		{46E7DC04-BB84-435A-99A5-5CDD2676C349}.Release|Any CPU.Build.0 = Release|Any CPU
		{46E7DC04-BB84-435A-99A5-5CDD2676C349}.Release|x64.ActiveCfg = Release|Any CPU
		{46E7DC04-BB84-435A-99A5-5CDD2676C349}.Release|x64.Build.0 = Release|Any CPU
		{46E7DC04-BB84-435A-99A5-5CDD2676C349}.Release|x86.ActiveCfg = Release|Any CPU
		{46E7DC04-BB84-435A-99A5-5CDD2676C349}.Release|x86.Build.0 = Release|Any CPU
		{354545EA-29D1-46E2-AD7C-4AD2C41E6002}.Debug|Any CPU.ActiveCfg = Debug|Any CPU
		{354545EA-29D1-46E2-AD7C-4AD2C41E6002}.Debug|Any CPU.Build.0 = Debug|Any CPU
		{354545EA-29D1-46E2-AD7C-4AD2C41E6002}.Debug|x64.ActiveCfg = Debug|Any CPU
		{354545EA-29D1-46E2-AD7C-4AD2C41E6002}.Debug|x64.Build.0 = Debug|Any CPU
		{354545EA-29D1-46E2-AD7C-4AD2C41E6002}.Debug|x86.ActiveCfg = Debug|Any CPU
		{354545EA-29D1-46E2-AD7C-4AD2C41E6002}.Debug|x86.Build.0 = Debug|Any CPU
		{354545EA-29D1-46E2-AD7C-4AD2C41E6002}.Release|Any CPU.ActiveCfg = Release|Any CPU
		{354545EA-29D1-46E2-AD7C-4AD2C41E6002}.Release|Any CPU.Build.0 = Release|Any CPU
		{354545EA-29D1-46E2-AD7C-4AD2C41E6002}.Release|x64.ActiveCfg = Release|Any CPU
		{354545EA-29D1-46E2-AD7C-4AD2C41E6002}.Release|x64.Build.0 = Release|Any CPU
		{354545EA-29D1-46E2-AD7C-4AD2C41E6002}.Release|x86.ActiveCfg = Release|Any CPU
		{354545EA-29D1-46E2-AD7C-4AD2C41E6002}.Release|x86.Build.0 = Release|Any CPU
		{65A39E95-7C33-4CF6-98FA-73CFCC01DAC3}.Debug|Any CPU.ActiveCfg = Debug|Any CPU
		{65A39E95-7C33-4CF6-98FA-73CFCC01DAC3}.Debug|Any CPU.Build.0 = Debug|Any CPU
		{65A39E95-7C33-4CF6-98FA-73CFCC01DAC3}.Debug|x64.ActiveCfg = Debug|Any CPU
		{65A39E95-7C33-4CF6-98FA-73CFCC01DAC3}.Debug|x64.Build.0 = Debug|Any CPU
		{65A39E95-7C33-4CF6-98FA-73CFCC01DAC3}.Debug|x86.ActiveCfg = Debug|Any CPU
		{65A39E95-7C33-4CF6-98FA-73CFCC01DAC3}.Debug|x86.Build.0 = Debug|Any CPU
		{65A39E95-7C33-4CF6-98FA-73CFCC01DAC3}.Release|Any CPU.ActiveCfg = Release|Any CPU
		{65A39E95-7C33-4CF6-98FA-73CFCC01DAC3}.Release|Any CPU.Build.0 = Release|Any CPU
		{65A39E95-7C33-4CF6-98FA-73CFCC01DAC3}.Release|x64.ActiveCfg = Release|Any CPU
		{65A39E95-7C33-4CF6-98FA-73CFCC01DAC3}.Release|x64.Build.0 = Release|Any CPU
		{65A39E95-7C33-4CF6-98FA-73CFCC01DAC3}.Release|x86.ActiveCfg = Release|Any CPU
		{65A39E95-7C33-4CF6-98FA-73CFCC01DAC3}.Release|x86.Build.0 = Release|Any CPU
		{F95126B5-F41C-4382-AC5D-7609FE5F4497}.Debug|Any CPU.ActiveCfg = Debug|Any CPU
		{F95126B5-F41C-4382-AC5D-7609FE5F4497}.Debug|Any CPU.Build.0 = Debug|Any CPU
		{F95126B5-F41C-4382-AC5D-7609FE5F4497}.Debug|x64.ActiveCfg = Debug|Any CPU
		{F95126B5-F41C-4382-AC5D-7609FE5F4497}.Debug|x64.Build.0 = Debug|Any CPU
		{F95126B5-F41C-4382-AC5D-7609FE5F4497}.Debug|x86.ActiveCfg = Debug|Any CPU
		{F95126B5-F41C-4382-AC5D-7609FE5F4497}.Debug|x86.Build.0 = Debug|Any CPU
		{F95126B5-F41C-4382-AC5D-7609FE5F4497}.Release|Any CPU.ActiveCfg = Release|Any CPU
		{F95126B5-F41C-4382-AC5D-7609FE5F4497}.Release|Any CPU.Build.0 = Release|Any CPU
		{F95126B5-F41C-4382-AC5D-7609FE5F4497}.Release|x64.ActiveCfg = Release|Any CPU
		{F95126B5-F41C-4382-AC5D-7609FE5F4497}.Release|x64.Build.0 = Release|Any CPU
		{F95126B5-F41C-4382-AC5D-7609FE5F4497}.Release|x86.ActiveCfg = Release|Any CPU
		{F95126B5-F41C-4382-AC5D-7609FE5F4497}.Release|x86.Build.0 = Release|Any CPU
		{39F6BB79-FC2F-458E-B339-5C54B045FB1E}.Debug|Any CPU.ActiveCfg = Debug|Any CPU
		{39F6BB79-FC2F-458E-B339-5C54B045FB1E}.Debug|Any CPU.Build.0 = Debug|Any CPU
		{39F6BB79-FC2F-458E-B339-5C54B045FB1E}.Debug|x64.ActiveCfg = Debug|Any CPU
		{39F6BB79-FC2F-458E-B339-5C54B045FB1E}.Debug|x64.Build.0 = Debug|Any CPU
		{39F6BB79-FC2F-458E-B339-5C54B045FB1E}.Debug|x86.ActiveCfg = Debug|Any CPU
		{39F6BB79-FC2F-458E-B339-5C54B045FB1E}.Debug|x86.Build.0 = Debug|Any CPU
		{39F6BB79-FC2F-458E-B339-5C54B045FB1E}.Release|Any CPU.ActiveCfg = Release|Any CPU
		{39F6BB79-FC2F-458E-B339-5C54B045FB1E}.Release|Any CPU.Build.0 = Release|Any CPU
		{39F6BB79-FC2F-458E-B339-5C54B045FB1E}.Release|x64.ActiveCfg = Release|Any CPU
		{39F6BB79-FC2F-458E-B339-5C54B045FB1E}.Release|x64.Build.0 = Release|Any CPU
		{39F6BB79-FC2F-458E-B339-5C54B045FB1E}.Release|x86.ActiveCfg = Release|Any CPU
		{39F6BB79-FC2F-458E-B339-5C54B045FB1E}.Release|x86.Build.0 = Release|Any CPU
	EndGlobalSection
	GlobalSection(SolutionProperties) = preSolution
		HideSolutionNode = FALSE
	EndGlobalSection
EndGlobal
