
Microsoft Visual Studio Solution File, Format Version 12.00
# Visual Studio Version 17
VisualStudioVersion = 17.0.31903.59
MinimumVisualStudioVersion = 10.0.40219.1
Project("{FAE04EC0-301F-11D3-BF4B-00C04F79EFBC}") = "1Variables", "1Variables\1Variables.csproj", "{F084AB69-1EA1-4C25-8C97-B94AED3F4C8B}"
EndProject
Project("{FAE04EC0-301F-11D3-BF4B-00C04F79EFBC}") = "2Condicionales", "2Condicionales\2Condicionales.csproj", "{0691590C-1336-4821-990C-2912603D994D}"
EndProject
Project("{FAE04EC0-301F-11D3-BF4B-00C04F79EFBC}") = "3Bucles", "3Bucles\3Bucles.csproj", "{A161CFB0-63A2-4BDB-B0CF-4121DC0F9781}"
EndProject
Project("{FAE04EC0-301F-11D3-BF4B-00C04F79EFBC}") = "4Estructuras", "4Estructuras\4Estructuras.csproj", "{3FC34912-6267-45E6-889F-50BB5D9377CB}"
EndProject
Project("{FAE04EC0-301F-11D3-BF4B-00C04F79EFBC}") = "5Metodos", "5Metodos\5Metodos.csproj", "{C2EC0D58-5805-42C1-9174-BDAC652EE93D}"
EndProject
Project("{FAE04EC0-301F-11D3-BF4B-00C04F79EFBC}") = "6Clases", "6Clases\6Clases.csproj", "{3EAC8001-0801-4F9E-A09A-05F4DEE5EA4D}"
EndProject
Project("{FAE04EC0-301F-11D3-BF4B-00C04F79EFBC}") = "7Ficheros", "7Ficheros\7Ficheros.csproj", "{B2E14D4B-EB94-4269-9190-D13DAE29103A}"
EndProject
Project("{FAE04EC0-301F-11D3-BF4B-00C04F79EFBC}") = "8Exceptions", "8Exceptions\8Exceptions.csproj", "{1B161413-3DCE-4E93-A815-F1B9892FD8AC}"
EndProject
Global
	GlobalSection(SolutionConfigurationPlatforms) = preSolution
		Debug|Any CPU = Debug|Any CPU
		Debug|x64 = Debug|x64
		Debug|x86 = Debug|x86
		Release|Any CPU = Release|Any CPU
		Release|x64 = Release|x64
		Release|x86 = Release|x86
	EndGlobalSection
	GlobalSection(ProjectConfigurationPlatforms) = postSolution
		{F084AB69-1EA1-4C25-8C97-B94AED3F4C8B}.Debug|Any CPU.ActiveCfg = Debug|Any CPU
		{F084AB69-1EA1-4C25-8C97-B94AED3F4C8B}.Debug|Any CPU.Build.0 = Debug|Any CPU
		{F084AB69-1EA1-4C25-8C97-B94AED3F4C8B}.Debug|x64.ActiveCfg = Debug|Any CPU
		{F084AB69-1EA1-4C25-8C97-B94AED3F4C8B}.Debug|x64.Build.0 = Debug|Any CPU
		{F084AB69-1EA1-4C25-8C97-B94AED3F4C8B}.Debug|x86.ActiveCfg = Debug|Any CPU
		{F084AB69-1EA1-4C25-8C97-B94AED3F4C8B}.Debug|x86.Build.0 = Debug|Any CPU
		{F084AB69-1EA1-4C25-8C97-B94AED3F4C8B}.Release|Any CPU.ActiveCfg = Release|Any CPU
		{F084AB69-1EA1-4C25-8C97-B94AED3F4C8B}.Release|Any CPU.Build.0 = Release|Any CPU
		{F084AB69-1EA1-4C25-8C97-B94AED3F4C8B}.Release|x64.ActiveCfg = Release|Any CPU
		{F084AB69-1EA1-4C25-8C97-B94AED3F4C8B}.Release|x64.Build.0 = Release|Any CPU
		{F084AB69-1EA1-4C25-8C97-B94AED3F4C8B}.Release|x86.ActiveCfg = Release|Any CPU
		{F084AB69-1EA1-4C25-8C97-B94AED3F4C8B}.Release|x86.Build.0 = Release|Any CPU
		{0691590C-1336-4821-990C-2912603D994D}.Debug|Any CPU.ActiveCfg = Debug|Any CPU
		{0691590C-1336-4821-990C-2912603D994D}.Debug|Any CPU.Build.0 = Debug|Any CPU
		{0691590C-1336-4821-990C-2912603D994D}.Debug|x64.ActiveCfg = Debug|Any CPU
		{0691590C-1336-4821-990C-2912603D994D}.Debug|x64.Build.0 = Debug|Any CPU
		{0691590C-1336-4821-990C-2912603D994D}.Debug|x86.ActiveCfg = Debug|Any CPU
		{0691590C-1336-4821-990C-2912603D994D}.Debug|x86.Build.0 = Debug|Any CPU
		{0691590C-1336-4821-990C-2912603D994D}.Release|Any CPU.ActiveCfg = Release|Any CPU
		{0691590C-1336-4821-990C-2912603D994D}.Release|Any CPU.Build.0 = Release|Any CPU
		{0691590C-1336-4821-990C-2912603D994D}.Release|x64.ActiveCfg = Release|Any CPU
		{0691590C-1336-4821-990C-2912603D994D}.Release|x64.Build.0 = Release|Any CPU
		{0691590C-1336-4821-990C-2912603D994D}.Release|x86.ActiveCfg = Release|Any CPU
		{0691590C-1336-4821-990C-2912603D994D}.Release|x86.Build.0 = Release|Any CPU
		{A161CFB0-63A2-4BDB-B0CF-4121DC0F9781}.Debug|Any CPU.ActiveCfg = Debug|Any CPU
		{A161CFB0-63A2-4BDB-B0CF-4121DC0F9781}.Debug|Any CPU.Build.0 = Debug|Any CPU
		{A161CFB0-63A2-4BDB-B0CF-4121DC0F9781}.Debug|x64.ActiveCfg = Debug|Any CPU
		{A161CFB0-63A2-4BDB-B0CF-4121DC0F9781}.Debug|x64.Build.0 = Debug|Any CPU
		{A161CFB0-63A2-4BDB-B0CF-4121DC0F9781}.Debug|x86.ActiveCfg = Debug|Any CPU
		{A161CFB0-63A2-4BDB-B0CF-4121DC0F9781}.Debug|x86.Build.0 = Debug|Any CPU
		{A161CFB0-63A2-4BDB-B0CF-4121DC0F9781}.Release|Any CPU.ActiveCfg = Release|Any CPU
		{A161CFB0-63A2-4BDB-B0CF-4121DC0F9781}.Release|Any CPU.Build.0 = Release|Any CPU
		{A161CFB0-63A2-4BDB-B0CF-4121DC0F9781}.Release|x64.ActiveCfg = Release|Any CPU
		{A161CFB0-63A2-4BDB-B0CF-4121DC0F9781}.Release|x64.Build.0 = Release|Any CPU
		{A161CFB0-63A2-4BDB-B0CF-4121DC0F9781}.Release|x86.ActiveCfg = Release|Any CPU
		{A161CFB0-63A2-4BDB-B0CF-4121DC0F9781}.Release|x86.Build.0 = Release|Any CPU
		{3FC34912-6267-45E6-889F-50BB5D9377CB}.Debug|Any CPU.ActiveCfg = Debug|Any CPU
		{3FC34912-6267-45E6-889F-50BB5D9377CB}.Debug|Any CPU.Build.0 = Debug|Any CPU
		{3FC34912-6267-45E6-889F-50BB5D9377CB}.Debug|x64.ActiveCfg = Debug|Any CPU
		{3FC34912-6267-45E6-889F-50BB5D9377CB}.Debug|x64.Build.0 = Debug|Any CPU
		{3FC34912-6267-45E6-889F-50BB5D9377CB}.Debug|x86.ActiveCfg = Debug|Any CPU
		{3FC34912-6267-45E6-889F-50BB5D9377CB}.Debug|x86.Build.0 = Debug|Any CPU
		{3FC34912-6267-45E6-889F-50BB5D9377CB}.Release|Any CPU.ActiveCfg = Release|Any CPU
		{3FC34912-6267-45E6-889F-50BB5D9377CB}.Release|Any CPU.Build.0 = Release|Any CPU
		{3FC34912-6267-45E6-889F-50BB5D9377CB}.Release|x64.ActiveCfg = Release|Any CPU
		{3FC34912-6267-45E6-889F-50BB5D9377CB}.Release|x64.Build.0 = Release|Any CPU
		{3FC34912-6267-45E6-889F-50BB5D9377CB}.Release|x86.ActiveCfg = Release|Any CPU
		{3FC34912-6267-45E6-889F-50BB5D9377CB}.Release|x86.Build.0 = Release|Any CPU
		{C2EC0D58-5805-42C1-9174-BDAC652EE93D}.Debug|Any CPU.ActiveCfg = Debug|Any CPU
		{C2EC0D58-5805-42C1-9174-BDAC652EE93D}.Debug|Any CPU.Build.0 = Debug|Any CPU
		{C2EC0D58-5805-42C1-9174-BDAC652EE93D}.Debug|x64.ActiveCfg = Debug|Any CPU
		{C2EC0D58-5805-42C1-9174-BDAC652EE93D}.Debug|x64.Build.0 = Debug|Any CPU
		{C2EC0D58-5805-42C1-9174-BDAC652EE93D}.Debug|x86.ActiveCfg = Debug|Any CPU
		{C2EC0D58-5805-42C1-9174-BDAC652EE93D}.Debug|x86.Build.0 = Debug|Any CPU
		{C2EC0D58-5805-42C1-9174-BDAC652EE93D}.Release|Any CPU.ActiveCfg = Release|Any CPU
		{C2EC0D58-5805-42C1-9174-BDAC652EE93D}.Release|Any CPU.Build.0 = Release|Any CPU
		{C2EC0D58-5805-42C1-9174-BDAC652EE93D}.Release|x64.ActiveCfg = Release|Any CPU
		{C2EC0D58-5805-42C1-9174-BDAC652EE93D}.Release|x64.Build.0 = Release|Any CPU
		{C2EC0D58-5805-42C1-9174-BDAC652EE93D}.Release|x86.ActiveCfg = Release|Any CPU
		{C2EC0D58-5805-42C1-9174-BDAC652EE93D}.Release|x86.Build.0 = Release|Any CPU
		{3EAC8001-0801-4F9E-A09A-05F4DEE5EA4D}.Debug|Any CPU.ActiveCfg = Debug|Any CPU
		{3EAC8001-0801-4F9E-A09A-05F4DEE5EA4D}.Debug|Any CPU.Build.0 = Debug|Any CPU
		{3EAC8001-0801-4F9E-A09A-05F4DEE5EA4D}.Debug|x64.ActiveCfg = Debug|Any CPU
		{3EAC8001-0801-4F9E-A09A-05F4DEE5EA4D}.Debug|x64.Build.0 = Debug|Any CPU
		{3EAC8001-0801-4F9E-A09A-05F4DEE5EA4D}.Debug|x86.ActiveCfg = Debug|Any CPU
		{3EAC8001-0801-4F9E-A09A-05F4DEE5EA4D}.Debug|x86.Build.0 = Debug|Any CPU
		{3EAC8001-0801-4F9E-A09A-05F4DEE5EA4D}.Release|Any CPU.ActiveCfg = Release|Any CPU
		{3EAC8001-0801-4F9E-A09A-05F4DEE5EA4D}.Release|Any CPU.Build.0 = Release|Any CPU
		{3EAC8001-0801-4F9E-A09A-05F4DEE5EA4D}.Release|x64.ActiveCfg = Release|Any CPU
		{3EAC8001-0801-4F9E-A09A-05F4DEE5EA4D}.Release|x64.Build.0 = Release|Any CPU
		{3EAC8001-0801-4F9E-A09A-05F4DEE5EA4D}.Release|x86.ActiveCfg = Release|Any CPU
		{3EAC8001-0801-4F9E-A09A-05F4DEE5EA4D}.Release|x86.Build.0 = Release|Any CPU
		{B2E14D4B-EB94-4269-9190-D13DAE29103A}.Debug|Any CPU.ActiveCfg = Debug|Any CPU
		{B2E14D4B-EB94-4269-9190-D13DAE29103A}.Debug|Any CPU.Build.0 = Debug|Any CPU
		{B2E14D4B-EB94-4269-9190-D13DAE29103A}.Debug|x64.ActiveCfg = Debug|Any CPU
		{B2E14D4B-EB94-4269-9190-D13DAE29103A}.Debug|x64.Build.0 = Debug|Any CPU
		{B2E14D4B-EB94-4269-9190-D13DAE29103A}.Debug|x86.ActiveCfg = Debug|Any CPU
		{B2E14D4B-EB94-4269-9190-D13DAE29103A}.Debug|x86.Build.0 = Debug|Any CPU
		{B2E14D4B-EB94-4269-9190-D13DAE29103A}.Release|Any CPU.ActiveCfg = Release|Any CPU
		{B2E14D4B-EB94-4269-9190-D13DAE29103A}.Release|Any CPU.Build.0 = Release|Any CPU
		{B2E14D4B-EB94-4269-9190-D13DAE29103A}.Release|x64.ActiveCfg = Release|Any CPU
		{B2E14D4B-EB94-4269-9190-D13DAE29103A}.Release|x64.Build.0 = Release|Any CPU
		{B2E14D4B-EB94-4269-9190-D13DAE29103A}.Release|x86.ActiveCfg = Release|Any CPU
		{B2E14D4B-EB94-4269-9190-D13DAE29103A}.Release|x86.Build.0 = Release|Any CPU
		{1B161413-3DCE-4E93-A815-F1B9892FD8AC}.Debug|Any CPU.ActiveCfg = Debug|Any CPU
		{1B161413-3DCE-4E93-A815-F1B9892FD8AC}.Debug|Any CPU.Build.0 = Debug|Any CPU
		{1B161413-3DCE-4E93-A815-F1B9892FD8AC}.Debug|x64.ActiveCfg = Debug|Any CPU
		{1B161413-3DCE-4E93-A815-F1B9892FD8AC}.Debug|x64.Build.0 = Debug|Any CPU
		{1B161413-3DCE-4E93-A815-F1B9892FD8AC}.Debug|x86.ActiveCfg = Debug|Any CPU
		{1B161413-3DCE-4E93-A815-F1B9892FD8AC}.Debug|x86.Build.0 = Debug|Any CPU
		{1B161413-3DCE-4E93-A815-F1B9892FD8AC}.Release|Any CPU.ActiveCfg = Release|Any CPU
		{1B161413-3DCE-4E93-A815-F1B9892FD8AC}.Release|Any CPU.Build.0 = Release|Any CPU
		{1B161413-3DCE-4E93-A815-F1B9892FD8AC}.Release|x64.ActiveCfg = Release|Any CPU
		{1B161413-3DCE-4E93-A815-F1B9892FD8AC}.Release|x64.Build.0 = Release|Any CPU
		{1B161413-3DCE-4E93-A815-F1B9892FD8AC}.Release|x86.ActiveCfg = Release|Any CPU
		{1B161413-3DCE-4E93-A815-F1B9892FD8AC}.Release|x86.Build.0 = Release|Any CPU
	EndGlobalSection
	GlobalSection(SolutionProperties) = preSolution
		HideSolutionNode = FALSE
	EndGlobalSection
EndGlobal
